
Microsoft Visual Studio Solution File, Format Version 12.00
# Visual Studio 2013
VisualStudioVersion = 12.0.30723.0
MinimumVisualStudioVersion = 10.0.40219.1
Project("{FAE04EC0-301F-11D3-BF4B-00C04F79EFBC}") = "zxcvbn.net", "zxcvbn.net\zxcvbn.net.csproj", "{370F4A1D-06A1-45AD-A782-836A5ACB79D2}"
EndProject
Project("{FAE04EC0-301F-11D3-BF4B-00C04F79EFBC}") = "zxcvbnTests", "zxcvbnTests\zxcvbnTests.csproj", "{04F08ADD-BF1A-4529-A92D-91F60D21CD57}"
	ProjectSection(ProjectDependencies) = postProject
		{370F4A1D-06A1-45AD-A782-836A5ACB79D2} = {370F4A1D-06A1-45AD-A782-836A5ACB79D2}
	EndProjectSection
EndProject
Project("{2150E333-8FDC-42A3-9474-1A3956D46DE8}") = "PerformanceTest", "PerformanceTest", "{3204A2BA-ADFD-4AA8-8159-CF93AF239D26}"
EndProject
Project("{FAE04EC0-301F-11D3-BF4B-00C04F79EFBC}") = "PerformanceTest", "PerformanceTest\PerformanceTest.csproj", "{278561B2-9BD1-4F84-AFD1-9BC1459CB610}"
EndProject
Project("{FAE04EC0-301F-11D3-BF4B-00C04F79EFBC}") = "zxcvbnNuget", "zxcvbnNuget\zxcvbnNuget.csproj", "{0451BAEF-DF2E-4B98-8644-94EE9415E389}"
EndProject
Project("{FAE04EC0-301F-11D3-BF4B-00C04F79EFBC}") = "DemoSite", "DemoSite\DemoSite.csproj", "{0586C5D4-BFB9-4FE1-AA20-4B410D8F1192}"
EndProject
Project("{2150E333-8FDC-42A3-9474-1A3956D46DE8}") = ".nuget", ".nuget", "{8B450509-7D82-4B70-B441-E88C4FF88437}"
	ProjectSection(SolutionItems) = preProject
		.nuget\NuGet.Config = .nuget\NuGet.Config
		.nuget\NuGet.exe = .nuget\NuGet.exe
		.nuget\NuGet.targets = .nuget\NuGet.targets
	EndProjectSection
EndProject
Project("{FAE04EC0-301F-11D3-BF4B-00C04F79EFBC}") = "Test-zxcvbnNet-nuget", "Test-zxcvbnNet-nuget\Test-zxcvbnNet-nuget.csproj", "{8BB10BF9-7A1C-4041-A05C-29F2288900EC}"
EndProject
Global
	GlobalSection(SolutionConfigurationPlatforms) = preSolution
		Debug|Any CPU = Debug|Any CPU
		Release|Any CPU = Release|Any CPU
	EndGlobalSection
	GlobalSection(ProjectConfigurationPlatforms) = postSolution
		{370F4A1D-06A1-45AD-A782-836A5ACB79D2}.Debug|Any CPU.ActiveCfg = Debug|Any CPU
		{370F4A1D-06A1-45AD-A782-836A5ACB79D2}.Debug|Any CPU.Build.0 = Debug|Any CPU
		{370F4A1D-06A1-45AD-A782-836A5ACB79D2}.Release|Any CPU.ActiveCfg = Release|Any CPU
		{370F4A1D-06A1-45AD-A782-836A5ACB79D2}.Release|Any CPU.Build.0 = Release|Any CPU
		{04F08ADD-BF1A-4529-A92D-91F60D21CD57}.Debug|Any CPU.ActiveCfg = Debug|Any CPU
		{04F08ADD-BF1A-4529-A92D-91F60D21CD57}.Debug|Any CPU.Build.0 = Debug|Any CPU
		{04F08ADD-BF1A-4529-A92D-91F60D21CD57}.Release|Any CPU.ActiveCfg = Release|Any CPU
		{04F08ADD-BF1A-4529-A92D-91F60D21CD57}.Release|Any CPU.Build.0 = Release|Any CPU
		{278561B2-9BD1-4F84-AFD1-9BC1459CB610}.Debug|Any CPU.ActiveCfg = Debug|Any CPU
		{278561B2-9BD1-4F84-AFD1-9BC1459CB610}.Debug|Any CPU.Build.0 = Debug|Any CPU
		{278561B2-9BD1-4F84-AFD1-9BC1459CB610}.Release|Any CPU.ActiveCfg = Release|Any CPU
		{278561B2-9BD1-4F84-AFD1-9BC1459CB610}.Release|Any CPU.Build.0 = Release|Any CPU
		{0451BAEF-DF2E-4B98-8644-94EE9415E389}.Debug|Any CPU.ActiveCfg = Debug|Any CPU
		{0451BAEF-DF2E-4B98-8644-94EE9415E389}.Debug|Any CPU.Build.0 = Debug|Any CPU
		{0451BAEF-DF2E-4B98-8644-94EE9415E389}.Release|Any CPU.ActiveCfg = Release|Any CPU
		{0451BAEF-DF2E-4B98-8644-94EE9415E389}.Release|Any CPU.Build.0 = Release|Any CPU
		{0586C5D4-BFB9-4FE1-AA20-4B410D8F1192}.Debug|Any CPU.ActiveCfg = Debug|Any CPU
		{0586C5D4-BFB9-4FE1-AA20-4B410D8F1192}.Debug|Any CPU.Build.0 = Debug|Any CPU
		{0586C5D4-BFB9-4FE1-AA20-4B410D8F1192}.Release|Any CPU.ActiveCfg = Release|Any CPU
		{0586C5D4-BFB9-4FE1-AA20-4B410D8F1192}.Release|Any CPU.Build.0 = Release|Any CPU
		{8BB10BF9-7A1C-4041-A05C-29F2288900EC}.Debug|Any CPU.ActiveCfg = Debug|Any CPU
		{8BB10BF9-7A1C-4041-A05C-29F2288900EC}.Debug|Any CPU.Build.0 = Debug|Any CPU
		{8BB10BF9-7A1C-4041-A05C-29F2288900EC}.Release|Any CPU.ActiveCfg = Release|Any CPU
		{8BB10BF9-7A1C-4041-A05C-29F2288900EC}.Release|Any CPU.Build.0 = Release|Any CPU
	EndGlobalSection
	GlobalSection(SolutionProperties) = preSolution
		HideSolutionNode = FALSE
	EndGlobalSection
	GlobalSection(NestedProjects) = preSolution
		{278561B2-9BD1-4F84-AFD1-9BC1459CB610} = {3204A2BA-ADFD-4AA8-8159-CF93AF239D26}
	EndGlobalSection
EndGlobal
